// !$*UTF8*$!
{
	archiveVersion = 1;
	classes = {
	};
	objectVersion = 56;
	objects = {

/* Begin PBXBuildFile section */
		0710162B2BAFBD57002CF4EC /* LEGOKit in Frameworks */ = {isa = PBXBuildFile; productRef = 0710162A2BAFBD57002CF4EC /* LEGOKit */; };
		071FFA542BAFD129004BFFF4 /* LWPKit in Frameworks */ = {isa = PBXBuildFile; productRef = 071FFA532BAFD129004BFFF4 /* LWPKit */; };
		074F35252BAFBB7A00278F25 /* ContentView.swift in Sources */ = {isa = PBXBuildFile; fileRef = 074F35242BAFBB7A00278F25 /* ContentView.swift */; };
		074F35272BAFBB7B00278F25 /* Assets.xcassets in Resources */ = {isa = PBXBuildFile; fileRef = 074F35262BAFBB7B00278F25 /* Assets.xcassets */; };
		074F352B2BAFBB7B00278F25 /* Preview Assets.xcassets in Resources */ = {isa = PBXBuildFile; fileRef = 074F352A2BAFBB7B00278F25 /* Preview Assets.xcassets */; };
		074F35322BAFBBBB00278F25 /* MyApp.swift in Sources */ = {isa = PBXBuildFile; fileRef = 074F35312BAFBBBB00278F25 /* MyApp.swift */; };
		0788FDE82BAFCC4400D4299C /* Hex+Controller.swift in Sources */ = {isa = PBXBuildFile; fileRef = 0788FDE72BAFCC4400D4299C /* Hex+Controller.swift */; };
		0788FDEA2BAFCCAA00D4299C /* Actions.swift in Sources */ = {isa = PBXBuildFile; fileRef = 0788FDE92BAFCCAA00D4299C /* Actions.swift */; };
/* End PBXBuildFile section */

/* Begin PBXFileReference section */
		071016282BAFBD43002CF4EC /* LEGOKit */ = {isa = PBXFileReference; lastKnownFileType = wrapper; name = LEGOKit; path = ../LEGOKit; sourceTree = "<group>"; };
		074F351F2BAFBB7A00278F25 /* LegoController.app */ = {isa = PBXFileReference; explicitFileType = wrapper.application; includeInIndex = 0; path = LegoController.app; sourceTree = BUILT_PRODUCTS_DIR; };
		074F35242BAFBB7A00278F25 /* ContentView.swift */ = {isa = PBXFileReference; lastKnownFileType = sourcecode.swift; path = ContentView.swift; sourceTree = "<group>"; };
		074F35262BAFBB7B00278F25 /* Assets.xcassets */ = {isa = PBXFileReference; lastKnownFileType = folder.assetcatalog; path = Assets.xcassets; sourceTree = "<group>"; };
		074F35282BAFBB7B00278F25 /* LegoController.entitlements */ = {isa = PBXFileReference; lastKnownFileType = text.plist.entitlements; path = LegoController.entitlements; sourceTree = "<group>"; };
		074F352A2BAFBB7B00278F25 /* Preview Assets.xcassets */ = {isa = PBXFileReference; lastKnownFileType = folder.assetcatalog; path = "Preview Assets.xcassets"; sourceTree = "<group>"; };
		074F35312BAFBBBB00278F25 /* MyApp.swift */ = {isa = PBXFileReference; fileEncoding = 4; lastKnownFileType = sourcecode.swift; path = MyApp.swift; sourceTree = "<group>"; };
		0788FDE62BAFC0E000D4299C /* Info.plist */ = {isa = PBXFileReference; lastKnownFileType = text.plist.xml; path = Info.plist; sourceTree = "<group>"; };
		0788FDE72BAFCC4400D4299C /* Hex+Controller.swift */ = {isa = PBXFileReference; lastKnownFileType = sourcecode.swift; path = "Hex+Controller.swift"; sourceTree = "<group>"; };
		0788FDE92BAFCCAA00D4299C /* Actions.swift */ = {isa = PBXFileReference; lastKnownFileType = sourcecode.swift; path = Actions.swift; sourceTree = "<group>"; };
/* End PBXFileReference section */

/* Begin PBXFrameworksBuildPhase section */
		074F351C2BAFBB7A00278F25 /* Frameworks */ = {
			isa = PBXFrameworksBuildPhase;
			buildActionMask = 2147483647;
			files = (
				0710162B2BAFBD57002CF4EC /* LEGOKit in Frameworks */,
				071FFA542BAFD129004BFFF4 /* LWPKit in Frameworks */,
			);
			runOnlyForDeploymentPostprocessing = 0;
		};
/* End PBXFrameworksBuildPhase section */

/* Begin PBXGroup section */
		071016292BAFBD57002CF4EC /* Frameworks */ = {
			isa = PBXGroup;
			children = (
			);
			name = Frameworks;
			sourceTree = "<group>";
		};
		074F35162BAFBB7A00278F25 = {
			isa = PBXGroup;
			children = (
				0788FDE62BAFC0E000D4299C /* Info.plist */,
				071016282BAFBD43002CF4EC /* LEGOKit */,
				074F35212BAFBB7A00278F25 /* LegoController */,
				074F35202BAFBB7A00278F25 /* Products */,
				071016292BAFBD57002CF4EC /* Frameworks */,
			);
			sourceTree = "<group>";
		};
		074F35202BAFBB7A00278F25 /* Products */ = {
			isa = PBXGroup;
			children = (
				074F351F2BAFBB7A00278F25 /* LegoController.app */,
			);
			name = Products;
			sourceTree = "<group>";
		};
		074F35212BAFBB7A00278F25 /* LegoController */ = {
			isa = PBXGroup;
			children = (
				0788FDE92BAFCCAA00D4299C /* Actions.swift */,
				074F35242BAFBB7A00278F25 /* ContentView.swift */,
				074F35312BAFBBBB00278F25 /* MyApp.swift */,
				074F35262BAFBB7B00278F25 /* Assets.xcassets */,
				074F35282BAFBB7B00278F25 /* LegoController.entitlements */,
				074F35292BAFBB7B00278F25 /* Preview Content */,
				0788FDE72BAFCC4400D4299C /* Hex+Controller.swift */,
			);
			path = LegoController;
			sourceTree = "<group>";
		};
		074F35292BAFBB7B00278F25 /* Preview Content */ = {
			isa = PBXGroup;
			children = (
				074F352A2BAFBB7B00278F25 /* Preview Assets.xcassets */,
			);
			path = "Preview Content";
			sourceTree = "<group>";
		};
/* End PBXGroup section */

/* Begin PBXNativeTarget section */
		074F351E2BAFBB7A00278F25 /* LegoController */ = {
			isa = PBXNativeTarget;
			buildConfigurationList = 074F352E2BAFBB7B00278F25 /* Build configuration list for PBXNativeTarget "LegoController" */;
			buildPhases = (
				074F351B2BAFBB7A00278F25 /* Sources */,
				074F351C2BAFBB7A00278F25 /* Frameworks */,
				074F351D2BAFBB7A00278F25 /* Resources */,
			);
			buildRules = (
			);
			dependencies = (
			);
			name = LegoController;
			packageProductDependencies = (
				0710162A2BAFBD57002CF4EC /* LEGOKit */,
				071FFA532BAFD129004BFFF4 /* LWPKit */,
			);
			productName = LegoController;
			productReference = 074F351F2BAFBB7A00278F25 /* LegoController.app */;
			productType = "com.apple.product-type.application";
		};
/* End PBXNativeTarget section */

/* Begin PBXProject section */
		074F35172BAFBB7A00278F25 /* Project object */ = {
			isa = PBXProject;
			attributes = {
				BuildIndependentTargetsInParallel = 1;
				LastSwiftUpdateCheck = 1530;
				LastUpgradeCheck = 1530;
				TargetAttributes = {
					074F351E2BAFBB7A00278F25 = {
						CreatedOnToolsVersion = 15.3;
					};
				};
			};
			buildConfigurationList = 074F351A2BAFBB7A00278F25 /* Build configuration list for PBXProject "LegoController" */;
			compatibilityVersion = "Xcode 14.0";
			developmentRegion = en;
			hasScannedForEncodings = 0;
			knownRegions = (
				en,
				Base,
			);
			mainGroup = 074F35162BAFBB7A00278F25;
			packageReferences = (
				071FFA522BAFD129004BFFF4 /* XCRemoteSwiftPackageReference "LWPKit" */,
			);
			productRefGroup = 074F35202BAFBB7A00278F25 /* Products */;
			projectDirPath = "";
			projectRoot = "";
			targets = (
				074F351E2BAFBB7A00278F25 /* LegoController */,
			);
		};
/* End PBXProject section */

/* Begin PBXResourcesBuildPhase section */
		074F351D2BAFBB7A00278F25 /* Resources */ = {
			isa = PBXResourcesBuildPhase;
			buildActionMask = 2147483647;
			files = (
				074F352B2BAFBB7B00278F25 /* Preview Assets.xcassets in Resources */,
				074F35272BAFBB7B00278F25 /* Assets.xcassets in Resources */,
			);
			runOnlyForDeploymentPostprocessing = 0;
		};
/* End PBXResourcesBuildPhase section */

/* Begin PBXSourcesBuildPhase section */
		074F351B2BAFBB7A00278F25 /* Sources */ = {
			isa = PBXSourcesBuildPhase;
			buildActionMask = 2147483647;
			files = (
				0788FDE82BAFCC4400D4299C /* Hex+Controller.swift in Sources */,
				0788FDEA2BAFCCAA00D4299C /* Actions.swift in Sources */,
				074F35252BAFBB7A00278F25 /* ContentView.swift in Sources */,
				074F35322BAFBBBB00278F25 /* MyApp.swift in Sources */,
			);
			runOnlyForDeploymentPostprocessing = 0;
		};
/* End PBXSourcesBuildPhase section */

/* Begin XCBuildConfiguration section */
		074F352C2BAFBB7B00278F25 /* Debug */ = {
			isa = XCBuildConfiguration;
			buildSettings = {
				ALWAYS_SEARCH_USER_PATHS = NO;
				ASSETCATALOG_COMPILER_GENERATE_SWIFT_ASSET_SYMBOL_EXTENSIONS = YES;
				CLANG_ANALYZER_NONNULL = YES;
				CLANG_ANALYZER_NUMBER_OBJECT_CONVERSION = YES_AGGRESSIVE;
				CLANG_CXX_LANGUAGE_STANDARD = "gnu++20";
				CLANG_ENABLE_MODULES = YES;
				CLANG_ENABLE_OBJC_ARC = YES;
				CLANG_ENABLE_OBJC_WEAK = YES;
				CLANG_WARN_BLOCK_CAPTURE_AUTORELEASING = YES;
				CLANG_WARN_BOOL_CONVERSION = YES;
				CLANG_WARN_COMMA = YES;
				CLANG_WARN_CONSTANT_CONVERSION = YES;
				CLANG_WARN_DEPRECATED_OBJC_IMPLEMENTATIONS = YES;
				CLANG_WARN_DIRECT_OBJC_ISA_USAGE = YES_ERROR;
				CLANG_WARN_DOCUMENTATION_COMMENTS = YES;
				CLANG_WARN_EMPTY_BODY = YES;
				CLANG_WARN_ENUM_CONVERSION = YES;
				CLANG_WARN_INFINITE_RECURSION = YES;
				CLANG_WARN_INT_CONVERSION = YES;
				CLANG_WARN_NON_LITERAL_NULL_CONVERSION = YES;
				CLANG_WARN_OBJC_IMPLICIT_RETAIN_SELF = YES;
				CLANG_WARN_OBJC_LITERAL_CONVERSION = YES;
				CLANG_WARN_OBJC_ROOT_CLASS = YES_ERROR;
				CLANG_WARN_QUOTED_INCLUDE_IN_FRAMEWORK_HEADER = YES;
				CLANG_WARN_RANGE_LOOP_ANALYSIS = YES;
				CLANG_WARN_STRICT_PROTOTYPES = YES;
				CLANG_WARN_SUSPICIOUS_MOVE = YES;
				CLANG_WARN_UNGUARDED_AVAILABILITY = YES_AGGRESSIVE;
				CLANG_WARN_UNREACHABLE_CODE = YES;
				CLANG_WARN__DUPLICATE_METHOD_MATCH = YES;
				COPY_PHASE_STRIP = NO;
				DEBUG_INFORMATION_FORMAT = dwarf;
				ENABLE_STRICT_OBJC_MSGSEND = YES;
				ENABLE_TESTABILITY = YES;
				ENABLE_USER_SCRIPT_SANDBOXING = YES;
				GCC_C_LANGUAGE_STANDARD = gnu17;
				GCC_DYNAMIC_NO_PIC = NO;
				GCC_NO_COMMON_BLOCKS = YES;
				GCC_OPTIMIZATION_LEVEL = 0;
				GCC_PREPROCESSOR_DEFINITIONS = (
					"DEBUG=1",
					"$(inherited)",
				);
				GCC_WARN_64_TO_32_BIT_CONVERSION = YES;
				GCC_WARN_ABOUT_RETURN_TYPE = YES_ERROR;
				GCC_WARN_UNDECLARED_SELECTOR = YES;
				GCC_WARN_UNINITIALIZED_AUTOS = YES_AGGRESSIVE;
				GCC_WARN_UNUSED_FUNCTION = YES;
				GCC_WARN_UNUSED_VARIABLE = YES;
				LOCALIZATION_PREFERS_STRING_CATALOGS = YES;
				MTL_ENABLE_DEBUG_INFO = INCLUDE_SOURCE;
				MTL_FAST_MATH = YES;
				ONLY_ACTIVE_ARCH = YES;
				SWIFT_ACTIVE_COMPILATION_CONDITIONS = "DEBUG $(inherited)";
				SWIFT_OPTIMIZATION_LEVEL = "-Onone";
			};
			name = Debug;
		};
		074F352D2BAFBB7B00278F25 /* Release */ = {
			isa = XCBuildConfiguration;
			buildSettings = {
				ALWAYS_SEARCH_USER_PATHS = NO;
				ASSETCATALOG_COMPILER_GENERATE_SWIFT_ASSET_SYMBOL_EXTENSIONS = YES;
				CLANG_ANALYZER_NONNULL = YES;
				CLANG_ANALYZER_NUMBER_OBJECT_CONVERSION = YES_AGGRESSIVE;
				CLANG_CXX_LANGUAGE_STANDARD = "gnu++20";
				CLANG_ENABLE_MODULES = YES;
				CLANG_ENABLE_OBJC_ARC = YES;
				CLANG_ENABLE_OBJC_WEAK = YES;
				CLANG_WARN_BLOCK_CAPTURE_AUTORELEASING = YES;
				CLANG_WARN_BOOL_CONVERSION = YES;
				CLANG_WARN_COMMA = YES;
				CLANG_WARN_CONSTANT_CONVERSION = YES;
				CLANG_WARN_DEPRECATED_OBJC_IMPLEMENTATIONS = YES;
				CLANG_WARN_DIRECT_OBJC_ISA_USAGE = YES_ERROR;
				CLANG_WARN_DOCUMENTATION_COMMENTS = YES;
				CLANG_WARN_EMPTY_BODY = YES;
				CLANG_WARN_ENUM_CONVERSION = YES;
				CLANG_WARN_INFINITE_RECURSION = YES;
				CLANG_WARN_INT_CONVERSION = YES;
				CLANG_WARN_NON_LITERAL_NULL_CONVERSION = YES;
				CLANG_WARN_OBJC_IMPLICIT_RETAIN_SELF = YES;
				CLANG_WARN_OBJC_LITERAL_CONVERSION = YES;
				CLANG_WARN_OBJC_ROOT_CLASS = YES_ERROR;
				CLANG_WARN_QUOTED_INCLUDE_IN_FRAMEWORK_HEADER = YES;
				CLANG_WARN_RANGE_LOOP_ANALYSIS = YES;
				CLANG_WARN_STRICT_PROTOTYPES = YES;
				CLANG_WARN_SUSPICIOUS_MOVE = YES;
				CLANG_WARN_UNGUARDED_AVAILABILITY = YES_AGGRESSIVE;
				CLANG_WARN_UNREACHABLE_CODE = YES;
				CLANG_WARN__DUPLICATE_METHOD_MATCH = YES;
				COPY_PHASE_STRIP = NO;
				DEBUG_INFORMATION_FORMAT = "dwarf-with-dsym";
				ENABLE_NS_ASSERTIONS = NO;
				ENABLE_STRICT_OBJC_MSGSEND = YES;
				ENABLE_USER_SCRIPT_SANDBOXING = YES;
				GCC_C_LANGUAGE_STANDARD = gnu17;
				GCC_NO_COMMON_BLOCKS = YES;
				GCC_WARN_64_TO_32_BIT_CONVERSION = YES;
				GCC_WARN_ABOUT_RETURN_TYPE = YES_ERROR;
				GCC_WARN_UNDECLARED_SELECTOR = YES;
				GCC_WARN_UNINITIALIZED_AUTOS = YES_AGGRESSIVE;
				GCC_WARN_UNUSED_FUNCTION = YES;
				GCC_WARN_UNUSED_VARIABLE = YES;
				LOCALIZATION_PREFERS_STRING_CATALOGS = YES;
				MTL_ENABLE_DEBUG_INFO = NO;
				MTL_FAST_MATH = YES;
				SWIFT_COMPILATION_MODE = wholemodule;
			};
			name = Release;
		};
		074F352F2BAFBB7B00278F25 /* Debug */ = {
			isa = XCBuildConfiguration;
			buildSettings = {
				ASSETCATALOG_COMPILER_APPICON_NAME = AppIcon;
				ASSETCATALOG_COMPILER_GLOBAL_ACCENT_COLOR_NAME = AccentColor;
				CODE_SIGN_ENTITLEMENTS = LegoController/LegoController.entitlements;
				CODE_SIGN_STYLE = Automatic;
				CURRENT_PROJECT_VERSION = 1;
				DEVELOPMENT_ASSET_PATHS = "\"LegoController/Preview Content\"";
				DEVELOPMENT_TEAM = WXM9QU9W33;
				ENABLE_HARDENED_RUNTIME = YES;
				ENABLE_PREVIEWS = YES;
				GENERATE_INFOPLIST_FILE = YES;
				INFOPLIST_KEY_NSBluetoothAlwaysUsageDescription = "Find device";
				INFOPLIST_KEY_NSBluetoothPeripheralUsageDescription = "Find device";
				INFOPLIST_KEY_NSBluetoothWhileInUseUsageDescription = "Find device";
				"INFOPLIST_KEY_UIApplicationSceneManifest_Generation[sdk=iphoneos*]" = YES;
				"INFOPLIST_KEY_UIApplicationSceneManifest_Generation[sdk=iphonesimulator*]" = YES;
				"INFOPLIST_KEY_UIApplicationSupportsIndirectInputEvents[sdk=iphoneos*]" = YES;
				"INFOPLIST_KEY_UIApplicationSupportsIndirectInputEvents[sdk=iphonesimulator*]" = YES;
				"INFOPLIST_KEY_UILaunchScreen_Generation[sdk=iphoneos*]" = YES;
				"INFOPLIST_KEY_UILaunchScreen_Generation[sdk=iphonesimulator*]" = YES;
				"INFOPLIST_KEY_UIStatusBarStyle[sdk=iphoneos*]" = UIStatusBarStyleDefault;
				"INFOPLIST_KEY_UIStatusBarStyle[sdk=iphonesimulator*]" = UIStatusBarStyleDefault;
				INFOPLIST_KEY_UISupportedInterfaceOrientations_iPad = "UIInterfaceOrientationPortrait UIInterfaceOrientationPortraitUpsideDown UIInterfaceOrientationLandscapeLeft UIInterfaceOrientationLandscapeRight";
				INFOPLIST_KEY_UISupportedInterfaceOrientations_iPhone = "UIInterfaceOrientationPortrait UIInterfaceOrientationLandscapeLeft UIInterfaceOrientationLandscapeRight";
				IPHONEOS_DEPLOYMENT_TARGET = 17.0;
				LD_RUNPATH_SEARCH_PATHS = "@executable_path/Frameworks";
				"LD_RUNPATH_SEARCH_PATHS[sdk=macosx*]" = "@executable_path/../Frameworks";
				MACOSX_DEPLOYMENT_TARGET = 14.0;
				MARKETING_VERSION = 1.0;
				PRODUCT_BUNDLE_IDENTIFIER = org.giginet.LegoController;
				PRODUCT_NAME = "$(TARGET_NAME)";
				SDKROOT = auto;
				SUPPORTED_PLATFORMS = "iphoneos iphonesimulator macosx";
				SWIFT_EMIT_LOC_STRINGS = YES;
				SWIFT_VERSION = 5.0;
				TARGETED_DEVICE_FAMILY = "1,2";
			};
			name = Debug;
		};
		074F35302BAFBB7B00278F25 /* Release */ = {
			isa = XCBuildConfiguration;
			buildSettings = {
				ASSETCATALOG_COMPILER_APPICON_NAME = AppIcon;
				ASSETCATALOG_COMPILER_GLOBAL_ACCENT_COLOR_NAME = AccentColor;
				CODE_SIGN_ENTITLEMENTS = LegoController/LegoController.entitlements;
				CODE_SIGN_STYLE = Automatic;
				CURRENT_PROJECT_VERSION = 1;
				DEVELOPMENT_ASSET_PATHS = "\"LegoController/Preview Content\"";
				DEVELOPMENT_TEAM = WXM9QU9W33;
				ENABLE_HARDENED_RUNTIME = YES;
				ENABLE_PREVIEWS = YES;
				GENERATE_INFOPLIST_FILE = YES;
				INFOPLIST_KEY_NSBluetoothAlwaysUsageDescription = "Find device";
				INFOPLIST_KEY_NSBluetoothPeripheralUsageDescription = "Find device";
				INFOPLIST_KEY_NSBluetoothWhileInUseUsageDescription = "Find device";
				"INFOPLIST_KEY_UIApplicationSceneManifest_Generation[sdk=iphoneos*]" = YES;
				"INFOPLIST_KEY_UIApplicationSceneManifest_Generation[sdk=iphonesimulator*]" = YES;
				"INFOPLIST_KEY_UIApplicationSupportsIndirectInputEvents[sdk=iphoneos*]" = YES;
				"INFOPLIST_KEY_UIApplicationSupportsIndirectInputEvents[sdk=iphonesimulator*]" = YES;
				"INFOPLIST_KEY_UILaunchScreen_Generation[sdk=iphoneos*]" = YES;
				"INFOPLIST_KEY_UILaunchScreen_Generation[sdk=iphonesimulator*]" = YES;
				"INFOPLIST_KEY_UIStatusBarStyle[sdk=iphoneos*]" = UIStatusBarStyleDefault;
				"INFOPLIST_KEY_UIStatusBarStyle[sdk=iphonesimulator*]" = UIStatusBarStyleDefault;
				INFOPLIST_KEY_UISupportedInterfaceOrientations_iPad = "UIInterfaceOrientationPortrait UIInterfaceOrientationPortraitUpsideDown UIInterfaceOrientationLandscapeLeft UIInterfaceOrientationLandscapeRight";
				INFOPLIST_KEY_UISupportedInterfaceOrientations_iPhone = "UIInterfaceOrientationPortrait UIInterfaceOrientationLandscapeLeft UIInterfaceOrientationLandscapeRight";
				IPHONEOS_DEPLOYMENT_TARGET = 17.0;
				LD_RUNPATH_SEARCH_PATHS = "@executable_path/Frameworks";
				"LD_RUNPATH_SEARCH_PATHS[sdk=macosx*]" = "@executable_path/../Frameworks";
				MACOSX_DEPLOYMENT_TARGET = 14.0;
				MARKETING_VERSION = 1.0;
				PRODUCT_BUNDLE_IDENTIFIER = org.giginet.LegoController;
				PRODUCT_NAME = "$(TARGET_NAME)";
				SDKROOT = auto;
				SUPPORTED_PLATFORMS = "iphoneos iphonesimulator macosx";
				SWIFT_EMIT_LOC_STRINGS = YES;
				SWIFT_VERSION = 5.0;
				TARGETED_DEVICE_FAMILY = "1,2";
			};
			name = Release;
		};
/* End XCBuildConfiguration section */

/* Begin XCConfigurationList section */
		074F351A2BAFBB7A00278F25 /* Build configuration list for PBXProject "LegoController" */ = {
			isa = XCConfigurationList;
			buildConfigurations = (
				074F352C2BAFBB7B00278F25 /* Debug */,
				074F352D2BAFBB7B00278F25 /* Release */,
			);
			defaultConfigurationIsVisible = 0;
			defaultConfigurationName = Release;
		};
		074F352E2BAFBB7B00278F25 /* Build configuration list for PBXNativeTarget "LegoController" */ = {
			isa = XCConfigurationList;
			buildConfigurations = (
				074F352F2BAFBB7B00278F25 /* Debug */,
				074F35302BAFBB7B00278F25 /* Release */,
			);
			defaultConfigurationIsVisible = 0;
			defaultConfigurationName = Release;
		};
/* End XCConfigurationList section */

/* Begin XCRemoteSwiftPackageReference section */
		071FFA522BAFD129004BFFF4 /* XCRemoteSwiftPackageReference "LWPKit" */ = {
			isa = XCRemoteSwiftPackageReference;
			repositoryURL = "https://github.com/bricklife/LWPKit.git";
			requirement = {
				kind = upToNextMajorVersion;
				minimumVersion = 0.1.0;
			};
		};
/* End XCRemoteSwiftPackageReference section */

/* Begin XCSwiftPackageProductDependency section */
		0710162A2BAFBD57002CF4EC /* LEGOKit */ = {
			isa = XCSwiftPackageProductDependency;
			productName = LEGOKit;
		};
		071FFA532BAFD129004BFFF4 /* LWPKit */ = {
			isa = XCSwiftPackageProductDependency;
			package = 071FFA522BAFD129004BFFF4 /* XCRemoteSwiftPackageReference "LWPKit" */;
			productName = LWPKit;
		};
/* End XCSwiftPackageProductDependency section */
	};
	rootObject = 074F35172BAFBB7A00278F25 /* Project object */;
}
